
Microsoft Visual Studio Solution File, Format Version 12.00
# Visual Studio Version 17
VisualStudioVersion = 17.0.31903.59
MinimumVisualStudioVersion = 10.0.40219.1
Project("{FAE04EC0-301F-11D3-BF4B-00C04F79EFBC}") = "OpenHentai", "OpenHentai\OpenHentai.csproj", "{8CB66D96-D797-48FB-A9E7-E74D0DA2424A}"
EndProject
Project("{FAE04EC0-301F-11D3-BF4B-00C04F79EFBC}") = "OpenHentai.Tests", "OpenHentai.Tests\OpenHentai.Tests.csproj", "{D57AEB83-A819-40E0-9162-CF296D18B893}"
EndProject
Project("{FAE04EC0-301F-11D3-BF4B-00C04F79EFBC}") = "OpenHentai.WebAPI", "OpenHentai.WebAPI\OpenHentai.WebAPI.csproj", "{DD73AF22-DAA4-45D1-8E31-A8748C1E35A7}"
EndProject
Global
	GlobalSection(SolutionConfigurationPlatforms) = preSolution
		Debug|Any CPU = Debug|Any CPU
		Release|Any CPU = Release|Any CPU
	EndGlobalSection
	GlobalSection(SolutionProperties) = preSolution
		HideSolutionNode = FALSE
	EndGlobalSection
	GlobalSection(ProjectConfigurationPlatforms) = postSolution
		{8CB66D96-D797-48FB-A9E7-E74D0DA2424A}.Debug|Any CPU.ActiveCfg = Debug|Any CPU
		{8CB66D96-D797-48FB-A9E7-E74D0DA2424A}.Debug|Any CPU.Build.0 = Debug|Any CPU
		{8CB66D96-D797-48FB-A9E7-E74D0DA2424A}.Release|Any CPU.ActiveCfg = Release|Any CPU
		{8CB66D96-D797-48FB-A9E7-E74D0DA2424A}.Release|Any CPU.Build.0 = Release|Any CPU
		{D57AEB83-A819-40E0-9162-CF296D18B893}.Debug|Any CPU.ActiveCfg = Debug|Any CPU
		{D57AEB83-A819-40E0-9162-CF296D18B893}.Debug|Any CPU.Build.0 = Debug|Any CPU
		{D57AEB83-A819-40E0-9162-CF296D18B893}.Release|Any CPU.ActiveCfg = Release|Any CPU
		{D57AEB83-A819-40E0-9162-CF296D18B893}.Release|Any CPU.Build.0 = Release|Any CPU
		{DD73AF22-DAA4-45D1-8E31-A8748C1E35A7}.Debug|Any CPU.ActiveCfg = Debug|Any CPU
		{DD73AF22-DAA4-45D1-8E31-A8748C1E35A7}.Debug|Any CPU.Build.0 = Debug|Any CPU
		{DD73AF22-DAA4-45D1-8E31-A8748C1E35A7}.Release|Any CPU.ActiveCfg = Release|Any CPU
		{DD73AF22-DAA4-45D1-8E31-A8748C1E35A7}.Release|Any CPU.Build.0 = Release|Any CPU
	EndGlobalSection
EndGlobal
