
Microsoft Visual Studio Solution File, Format Version 12.00
# Visual Studio Version 17
VisualStudioVersion = 17.0.31903.59
MinimumVisualStudioVersion = 10.0.40219.1
Project("{FAE04EC0-301F-11D3-BF4B-00C04F79EFBC}") = "OpenHentai", "OpenHentai\OpenHentai.csproj", "{8CB66D96-D797-48FB-A9E7-E74D0DA2424A}"
EndProject
Project("{FAE04EC0-301F-11D3-BF4B-00C04F79EFBC}") = "OpenHentai.Tests", "OpenHentai.Tests\OpenHentai.Tests.csproj", "{D57AEB83-A819-40E0-9162-CF296D18B893}"
EndProject
Project("{FAE04EC0-301F-11D3-BF4B-00C04F79EFBC}") = "OpenHentai.WebAPI", "OpenHentai.WebAPI\OpenHentai.WebAPI.csproj", "{DD73AF22-DAA4-45D1-8E31-A8748C1E35A7}"
EndProject
Project("{FAE04EC0-301F-11D3-BF4B-00C04F79EFBC}") = "OpenHentai.Server", "OpenHentai.Server\OpenHentai.Server.csproj", "{35AD7624-8488-4AAF-B351-98BAE7D16CAA}"
EndProject
Project("{FAE04EC0-301F-11D3-BF4B-00C04F79EFBC}") = "OpenHentai.Server.Tests", "OpenHentai.Server.Tests\OpenHentai.Server.Tests.csproj", "{74B04EAB-9A7A-4319-B3AA-2A8DFBEEDFA4}"
EndProject
Project("{FAE04EC0-301F-11D3-BF4B-00C04F79EFBC}") = "OpenHentai.WebAPI.Tests", "OpenHentai.WebAPI.Tests\OpenHentai.WebAPI.Tests.csproj", "{A9BCCC3F-7F3D-4E40-B422-FAFF5894A893}"
EndProject
Project("{FAE04EC0-301F-11D3-BF4B-00C04F79EFBC}") = "OpenHentai.Tests.Integration", "OpenHentai.Tests.Integration\OpenHentai.Tests.Integration.csproj", "{853437DF-B9E0-452E-9912-4170B7824893}"
EndProject
Global
	GlobalSection(SolutionConfigurationPlatforms) = preSolution
		Debug|Any CPU = Debug|Any CPU
		Release|Any CPU = Release|Any CPU
	EndGlobalSection
	GlobalSection(SolutionProperties) = preSolution
		HideSolutionNode = FALSE
	EndGlobalSection
	GlobalSection(ProjectConfigurationPlatforms) = postSolution
		{8CB66D96-D797-48FB-A9E7-E74D0DA2424A}.Debug|Any CPU.ActiveCfg = Debug|Any CPU
		{8CB66D96-D797-48FB-A9E7-E74D0DA2424A}.Debug|Any CPU.Build.0 = Debug|Any CPU
		{8CB66D96-D797-48FB-A9E7-E74D0DA2424A}.Release|Any CPU.ActiveCfg = Release|Any CPU
		{8CB66D96-D797-48FB-A9E7-E74D0DA2424A}.Release|Any CPU.Build.0 = Release|Any CPU
		{D57AEB83-A819-40E0-9162-CF296D18B893}.Debug|Any CPU.ActiveCfg = Debug|Any CPU
		{D57AEB83-A819-40E0-9162-CF296D18B893}.Debug|Any CPU.Build.0 = Debug|Any CPU
		{D57AEB83-A819-40E0-9162-CF296D18B893}.Release|Any CPU.ActiveCfg = Release|Any CPU
		{D57AEB83-A819-40E0-9162-CF296D18B893}.Release|Any CPU.Build.0 = Release|Any CPU
		{DD73AF22-DAA4-45D1-8E31-A8748C1E35A7}.Debug|Any CPU.ActiveCfg = Debug|Any CPU
		{DD73AF22-DAA4-45D1-8E31-A8748C1E35A7}.Debug|Any CPU.Build.0 = Debug|Any CPU
		{DD73AF22-DAA4-45D1-8E31-A8748C1E35A7}.Release|Any CPU.ActiveCfg = Release|Any CPU
		{DD73AF22-DAA4-45D1-8E31-A8748C1E35A7}.Release|Any CPU.Build.0 = Release|Any CPU
		{74B04EAB-9A7A-4319-B3AA-2A8DFBEEDFA4}.Debug|Any CPU.ActiveCfg = Debug|Any CPU
		{74B04EAB-9A7A-4319-B3AA-2A8DFBEEDFA4}.Debug|Any CPU.Build.0 = Debug|Any CPU
		{74B04EAB-9A7A-4319-B3AA-2A8DFBEEDFA4}.Release|Any CPU.ActiveCfg = Release|Any CPU
		{74B04EAB-9A7A-4319-B3AA-2A8DFBEEDFA4}.Release|Any CPU.Build.0 = Release|Any CPU
		{35AD7624-8488-4AAF-B351-98BAE7D16CAA}.Debug|Any CPU.ActiveCfg = Debug|Any CPU
		{35AD7624-8488-4AAF-B351-98BAE7D16CAA}.Debug|Any CPU.Build.0 = Debug|Any CPU
		{35AD7624-8488-4AAF-B351-98BAE7D16CAA}.Release|Any CPU.ActiveCfg = Release|Any CPU
		{35AD7624-8488-4AAF-B351-98BAE7D16CAA}.Release|Any CPU.Build.0 = Release|Any CPU
		{A9BCCC3F-7F3D-4E40-B422-FAFF5894A893}.Debug|Any CPU.ActiveCfg = Debug|Any CPU
		{A9BCCC3F-7F3D-4E40-B422-FAFF5894A893}.Debug|Any CPU.Build.0 = Debug|Any CPU
		{A9BCCC3F-7F3D-4E40-B422-FAFF5894A893}.Release|Any CPU.ActiveCfg = Release|Any CPU
		{A9BCCC3F-7F3D-4E40-B422-FAFF5894A893}.Release|Any CPU.Build.0 = Release|Any CPU
		{853437DF-B9E0-452E-9912-4170B7824893}.Debug|Any CPU.ActiveCfg = Debug|Any CPU
		{853437DF-B9E0-452E-9912-4170B7824893}.Debug|Any CPU.Build.0 = Debug|Any CPU
		{853437DF-B9E0-452E-9912-4170B7824893}.Release|Any CPU.ActiveCfg = Release|Any CPU
		{853437DF-B9E0-452E-9912-4170B7824893}.Release|Any CPU.Build.0 = Release|Any CPU
	EndGlobalSection
EndGlobal
